
Microsoft Visual Studio Solution File, Format Version 12.00
# Visual Studio Version 17
VisualStudioVersion = 17.8.34316.72
MinimumVisualStudioVersion = 10.0.40219.1
Project("{FAE04EC0-301F-11D3-BF4B-00C04F79EFBC}") = "RedmDirectConnect", "RedmDirectConnect\RedmDirectConnect.csproj", "{515E3E11-6255-4230-9666-07F50FAEBD5A}"
EndProject
Global
	GlobalSection(SolutionConfigurationPlatforms) = preSolution
		Debug|Any CPU = Debug|Any CPU
		Release|Any CPU = Release|Any CPU
	EndGlobalSection
	GlobalSection(ProjectConfigurationPlatforms) = postSolution
		{515E3E11-6255-4230-9666-07F50FAEBD5A}.Debug|Any CPU.ActiveCfg = Debug|Any CPU
		{515E3E11-6255-4230-9666-07F50FAEBD5A}.Debug|Any CPU.Build.0 = Debug|Any CPU
		{515E3E11-6255-4230-9666-07F50FAEBD5A}.Release|Any CPU.ActiveCfg = Release|Any CPU
		{515E3E11-6255-4230-9666-07F50FAEBD5A}.Release|Any CPU.Build.0 = Release|Any CPU
	EndGlobalSection
	GlobalSection(SolutionProperties) = preSolution
		HideSolutionNode = FALSE
	EndGlobalSection
	GlobalSection(ExtensibilityGlobals) = postSolution
		SolutionGuid = {3D1FF588-51B1-4D1F-93DA-60E51BA7795A}
	EndGlobalSection
EndGlobal
